
Microsoft Visual Studio Solution File, Format Version 12.00
# Visual Studio Version 16
VisualStudioVersion = 16.0.30621.155
MinimumVisualStudioVersion = 10.0.40219.1
Project("{FAE04EC0-301F-11D3-BF4B-00C04F79EFBC}") = "Demo2020", "Demo2020\Demo2020.csproj", "{CE59353A-E4DC-4BCA-934C-A38804B32BA5}"
EndProject
Project("{FAE04EC0-301F-11D3-BF4B-00C04F79EFBC}") = "Demo2020.Biz", "Demo2020.Biz\Demo2020.Biz.csproj", "{C368BDC0-73F3-49AC-9E79-94FEB65BB570}"
EndProject
Project("{FAE04EC0-301F-11D3-BF4B-00C04F79EFBC}") = "Demo2020.Test", "Demo2020.Test\Demo2020.Test.csproj", "{0F213B68-AF16-445B-BE48-1E5CC5ED30D3}"
EndProject
Project("{FAE04EC0-301F-11D3-BF4B-00C04F79EFBC}") = "Demo2020.Data", "Demo2020.Data\Demo2020.Data.csproj", "{8433CDAF-3BD9-47C1-92CB-F68751574F87}"
EndProject
Global
	GlobalSection(SolutionConfigurationPlatforms) = preSolution
		Debug|Any CPU = Debug|Any CPU
		Release|Any CPU = Release|Any CPU
	EndGlobalSection
	GlobalSection(ProjectConfigurationPlatforms) = postSolution
		{CE59353A-E4DC-4BCA-934C-A38804B32BA5}.Debug|Any CPU.ActiveCfg = Debug|Any CPU
		{CE59353A-E4DC-4BCA-934C-A38804B32BA5}.Debug|Any CPU.Build.0 = Debug|Any CPU
		{CE59353A-E4DC-4BCA-934C-A38804B32BA5}.Release|Any CPU.ActiveCfg = Release|Any CPU
		{CE59353A-E4DC-4BCA-934C-A38804B32BA5}.Release|Any CPU.Build.0 = Release|Any CPU
		{C368BDC0-73F3-49AC-9E79-94FEB65BB570}.Debug|Any CPU.ActiveCfg = Debug|Any CPU
		{C368BDC0-73F3-49AC-9E79-94FEB65BB570}.Debug|Any CPU.Build.0 = Debug|Any CPU
		{C368BDC0-73F3-49AC-9E79-94FEB65BB570}.Release|Any CPU.ActiveCfg = Release|Any CPU
		{C368BDC0-73F3-49AC-9E79-94FEB65BB570}.Release|Any CPU.Build.0 = Release|Any CPU
		{0F213B68-AF16-445B-BE48-1E5CC5ED30D3}.Debug|Any CPU.ActiveCfg = Debug|Any CPU
		{0F213B68-AF16-445B-BE48-1E5CC5ED30D3}.Debug|Any CPU.Build.0 = Debug|Any CPU
		{0F213B68-AF16-445B-BE48-1E5CC5ED30D3}.Release|Any CPU.ActiveCfg = Release|Any CPU
		{0F213B68-AF16-445B-BE48-1E5CC5ED30D3}.Release|Any CPU.Build.0 = Release|Any CPU
		{8433CDAF-3BD9-47C1-92CB-F68751574F87}.Debug|Any CPU.ActiveCfg = Debug|Any CPU
		{8433CDAF-3BD9-47C1-92CB-F68751574F87}.Debug|Any CPU.Build.0 = Debug|Any CPU
		{8433CDAF-3BD9-47C1-92CB-F68751574F87}.Release|Any CPU.ActiveCfg = Release|Any CPU
		{8433CDAF-3BD9-47C1-92CB-F68751574F87}.Release|Any CPU.Build.0 = Release|Any CPU
	EndGlobalSection
	GlobalSection(SolutionProperties) = preSolution
		HideSolutionNode = FALSE
	EndGlobalSection
	GlobalSection(ExtensibilityGlobals) = postSolution
		SolutionGuid = {6F708F98-2BB6-4A70-BF19-548403CE3271}
	EndGlobalSection
EndGlobal
